// !$*UTF8*$!
{
	archiveVersion = 1;
	classes = {
	};
	objectVersion = 46;
	objects = {

/* Begin PBXBuildFile section */
		AE8DF9DC1A06012C00565EFC /* main.m in Sources */ = {isa = PBXBuildFile; fileRef = AE8DF9DB1A06012C00565EFC /* main.m */; };
		AE8DF9DF1A06012C00565EFC /* AppDelegate.m in Sources */ = {isa = PBXBuildFile; fileRef = AE8DF9DE1A06012C00565EFC /* AppDelegate.m */; };
		AE8DF9E21A06012C00565EFC /* ViewController.m in Sources */ = {isa = PBXBuildFile; fileRef = AE8DF9E11A06012C00565EFC /* ViewController.m */; };
		AE8DF9E51A06012C00565EFC /* Main.storyboard in Resources */ = {isa = PBXBuildFile; fileRef = AE8DF9E31A06012C00565EFC /* Main.storyboard */; };
		AE8DF9E71A06012C00565EFC /* Images.xcassets in Resources */ = {isa = PBXBuildFile; fileRef = AE8DF9E61A06012C00565EFC /* Images.xcassets */; };
		AE8DF9EA1A06012C00565EFC /* LaunchScreen.xib in Resources */ = {isa = PBXBuildFile; fileRef = AE8DF9E81A06012C00565EFC /* LaunchScreen.xib */; };
		AE8DF9F61A06012C00565EFC /* Adv1_3Tests.m in Sources */ = {isa = PBXBuildFile; fileRef = AE8DF9F51A06012C00565EFC /* Adv1_3Tests.m */; };
/* End PBXBuildFile section */

/* Begin PBXContainerItemProxy section */
		AE8DF9F01A06012C00565EFC /* PBXContainerItemProxy */ = {
			isa = PBXContainerItemProxy;
			containerPortal = AE8DF9CE1A06012C00565EFC /* Project object */;
			proxyType = 1;
			remoteGlobalIDString = AE8DF9D51A06012C00565EFC;
			remoteInfo = Adv1_3;
		};
/* End PBXContainerItemProxy section */

/* Begin PBXFileReference section */
		AE8DF9D61A06012C00565EFC /* Adv1_3.app */ = {isa = PBXFileReference; explicitFileType = wrapper.application; includeInIndex = 0; path = Adv1_3.app; sourceTree = BUILT_PRODUCTS_DIR; };
		AE8DF9DA1A06012C00565EFC /* Info.plist */ = {isa = PBXFileReference; lastKnownFileType = text.plist.xml; path = Info.plist; sourceTree = "<group>"; };
		AE8DF9DB1A06012C00565EFC /* main.m */ = {isa = PBXFileReference; lastKnownFileType = sourcecode.c.objc; path = main.m; sourceTree = "<group>"; };
		AE8DF9DD1A06012C00565EFC /* AppDelegate.h */ = {isa = PBXFileReference; lastKnownFileType = sourcecode.c.h; path = AppDelegate.h; sourceTree = "<group>"; };
		AE8DF9DE1A06012C00565EFC /* AppDelegate.m */ = {isa = PBXFileReference; lastKnownFileType = sourcecode.c.objc; path = AppDelegate.m; sourceTree = "<group>"; };
		AE8DF9E01A06012C00565EFC /* ViewController.h */ = {isa = PBXFileReference; lastKnownFileType = sourcecode.c.h; path = ViewController.h; sourceTree = "<group>"; };
		AE8DF9E11A06012C00565EFC /* ViewController.m */ = {isa = PBXFileReference; lastKnownFileType = sourcecode.c.objc; path = ViewController.m; sourceTree = "<group>"; };
		AE8DF9E41A06012C00565EFC /* Base */ = {isa = PBXFileReference; lastKnownFileType = file.storyboard; name = Base; path = Base.lproj/Main.storyboard; sourceTree = "<group>"; };
		AE8DF9E61A06012C00565EFC /* Images.xcassets */ = {isa = PBXFileReference; lastKnownFileType = folder.assetcatalog; path = Images.xcassets; sourceTree = "<group>"; };
		AE8DF9E91A06012C00565EFC /* Base */ = {isa = PBXFileReference; lastKnownFileType = file.xib; name = Base; path = Base.lproj/LaunchScreen.xib; sourceTree = "<group>"; };
		AE8DF9EF1A06012C00565EFC /* Adv1_3Tests.xctest */ = {isa = PBXFileReference; explicitFileType = wrapper.cfbundle; includeInIndex = 0; path = Adv1_3Tests.xctest; sourceTree = BUILT_PRODUCTS_DIR; };
		AE8DF9F41A06012C00565EFC /* Info.plist */ = {isa = PBXFileReference; lastKnownFileType = text.plist.xml; path = Info.plist; sourceTree = "<group>"; };
		AE8DF9F51A06012C00565EFC /* Adv1_3Tests.m */ = {isa = PBXFileReference; lastKnownFileType = sourcecode.c.objc; path = Adv1_3Tests.m; sourceTree = "<group>"; };
/* End PBXFileReference section */

/* Begin PBXFrameworksBuildPhase section */
		AE8DF9D31A06012C00565EFC /* Frameworks */ = {
			isa = PBXFrameworksBuildPhase;
			buildActionMask = 2147483647;
			files = (
			);
			runOnlyForDeploymentPostprocessing = 0;
		};
		AE8DF9EC1A06012C00565EFC /* Frameworks */ = {
			isa = PBXFrameworksBuildPhase;
			buildActionMask = 2147483647;
			files = (
			);
			runOnlyForDeploymentPostprocessing = 0;
		};
/* End PBXFrameworksBuildPhase section */

/* Begin PBXGroup section */
		AE8DF9CD1A06012C00565EFC = {
			isa = PBXGroup;
			children = (
				AE8DF9D81A06012C00565EFC /* Adv1_3 */,
				AE8DF9F21A06012C00565EFC /* Adv1_3Tests */,
				AE8DF9D71A06012C00565EFC /* Products */,
			);
			sourceTree = "<group>";
		};
		AE8DF9D71A06012C00565EFC /* Products */ = {
			isa = PBXGroup;
			children = (
				AE8DF9D61A06012C00565EFC /* Adv1_3.app */,
				AE8DF9EF1A06012C00565EFC /* Adv1_3Tests.xctest */,
			);
			name = Products;
			sourceTree = "<group>";
		};
		AE8DF9D81A06012C00565EFC /* Adv1_3 */ = {
			isa = PBXGroup;
			children = (
				AE8DF9DD1A06012C00565EFC /* AppDelegate.h */,
				AE8DF9DE1A06012C00565EFC /* AppDelegate.m */,
				AE8DF9E01A06012C00565EFC /* ViewController.h */,
				AE8DF9E11A06012C00565EFC /* ViewController.m */,
				AE8DF9E31A06012C00565EFC /* Main.storyboard */,
				AE8DF9E61A06012C00565EFC /* Images.xcassets */,
				AE8DF9E81A06012C00565EFC /* LaunchScreen.xib */,
				AE8DF9D91A06012C00565EFC /* Supporting Files */,
			);
			path = Adv1_3;
			sourceTree = "<group>";
		};
		AE8DF9D91A06012C00565EFC /* Supporting Files */ = {
			isa = PBXGroup;
			children = (
				AE8DF9DA1A06012C00565EFC /* Info.plist */,
				AE8DF9DB1A06012C00565EFC /* main.m */,
			);
			name = "Supporting Files";
			sourceTree = "<group>";
		};
		AE8DF9F21A06012C00565EFC /* Adv1_3Tests */ = {
			isa = PBXGroup;
			children = (
				AE8DF9F51A06012C00565EFC /* Adv1_3Tests.m */,
				AE8DF9F31A06012C00565EFC /* Supporting Files */,
			);
			path = Adv1_3Tests;
			sourceTree = "<group>";
		};
		AE8DF9F31A06012C00565EFC /* Supporting Files */ = {
			isa = PBXGroup;
			children = (
				AE8DF9F41A06012C00565EFC /* Info.plist */,
			);
			name = "Supporting Files";
			sourceTree = "<group>";
		};
/* End PBXGroup section */

/* Begin PBXNativeTarget section */
		AE8DF9D51A06012C00565EFC /* Adv1_3 */ = {
			isa = PBXNativeTarget;
			buildConfigurationList = AE8DF9F91A06012C00565EFC /* Build configuration list for PBXNativeTarget "Adv1_3" */;
			buildPhases = (
				AE8DF9D21A06012C00565EFC /* Sources */,
				AE8DF9D31A06012C00565EFC /* Frameworks */,
				AE8DF9D41A06012C00565EFC /* Resources */,
			);
			buildRules = (
			);
			dependencies = (
			);
			name = Adv1_3;
			productName = Adv1_3;
			productReference = AE8DF9D61A06012C00565EFC /* Adv1_3.app */;
			productType = "com.apple.product-type.application";
		};
		AE8DF9EE1A06012C00565EFC /* Adv1_3Tests */ = {
			isa = PBXNativeTarget;
			buildConfigurationList = AE8DF9FC1A06012C00565EFC /* Build configuration list for PBXNativeTarget "Adv1_3Tests" */;
			buildPhases = (
				AE8DF9EB1A06012C00565EFC /* Sources */,
				AE8DF9EC1A06012C00565EFC /* Frameworks */,
				AE8DF9ED1A06012C00565EFC /* Resources */,
			);
			buildRules = (
			);
			dependencies = (
				AE8DF9F11A06012C00565EFC /* PBXTargetDependency */,
			);
			name = Adv1_3Tests;
			productName = Adv1_3Tests;
			productReference = AE8DF9EF1A06012C00565EFC /* Adv1_3Tests.xctest */;
			productType = "com.apple.product-type.bundle.unit-test";
		};
/* End PBXNativeTarget section */

/* Begin PBXProject section */
		AE8DF9CE1A06012C00565EFC /* Project object */ = {
			isa = PBXProject;
			attributes = {
				LastUpgradeCheck = 0610;
				ORGANIZATIONNAME = "pw's air";
				TargetAttributes = {
					AE8DF9D51A06012C00565EFC = {
						CreatedOnToolsVersion = 6.1;
					};
					AE8DF9EE1A06012C00565EFC = {
						CreatedOnToolsVersion = 6.1;
						TestTargetID = AE8DF9D51A06012C00565EFC;
					};
				};
			};
			buildConfigurationList = AE8DF9D11A06012C00565EFC /* Build configuration list for PBXProject "Adv1_3" */;
			compatibilityVersion = "Xcode 3.2";
			developmentRegion = English;
			hasScannedForEncodings = 0;
			knownRegions = (
				en,
				Base,
			);
			mainGroup = AE8DF9CD1A06012C00565EFC;
			productRefGroup = AE8DF9D71A06012C00565EFC /* Products */;
			projectDirPath = "";
			projectRoot = "";
			targets = (
				AE8DF9D51A06012C00565EFC /* Adv1_3 */,
				AE8DF9EE1A06012C00565EFC /* Adv1_3Tests */,
			);
		};
/* End PBXProject section */

/* Begin PBXResourcesBuildPhase section */
		AE8DF9D41A06012C00565EFC /* Resources */ = {
			isa = PBXResourcesBuildPhase;
			buildActionMask = 2147483647;
			files = (
				AE8DF9E51A06012C00565EFC /* Main.storyboard in Resources */,
				AE8DF9EA1A06012C00565EFC /* LaunchScreen.xib in Resources */,
				AE8DF9E71A06012C00565EFC /* Images.xcassets in Resources */,
			);
			runOnlyForDeploymentPostprocessing = 0;
		};
		AE8DF9ED1A06012C00565EFC /* Resources */ = {
			isa = PBXResourcesBuildPhase;
			buildActionMask = 2147483647;
			files = (
			);
			runOnlyForDeploymentPostprocessing = 0;
		};
/* End PBXResourcesBuildPhase section */

/* Begin PBXSourcesBuildPhase section */
		AE8DF9D21A06012C00565EFC /* Sources */ = {
			isa = PBXSourcesBuildPhase;
			buildActionMask = 2147483647;
			files = (
				AE8DF9E21A06012C00565EFC /* ViewController.m in Sources */,
				AE8DF9DF1A06012C00565EFC /* AppDelegate.m in Sources */,
				AE8DF9DC1A06012C00565EFC /* main.m in Sources */,
			);
			runOnlyForDeploymentPostprocessing = 0;
		};
		AE8DF9EB1A06012C00565EFC /* Sources */ = {
			isa = PBXSourcesBuildPhase;
			buildActionMask = 2147483647;
			files = (
				AE8DF9F61A06012C00565EFC /* Adv1_3Tests.m in Sources */,
			);
			runOnlyForDeploymentPostprocessing = 0;
		};
/* End PBXSourcesBuildPhase section */

/* Begin PBXTargetDependency section */
		AE8DF9F11A06012C00565EFC /* PBXTargetDependency */ = {
			isa = PBXTargetDependency;
			target = AE8DF9D51A06012C00565EFC /* Adv1_3 */;
			targetProxy = AE8DF9F01A06012C00565EFC /* PBXContainerItemProxy */;
		};
/* End PBXTargetDependency section */

/* Begin PBXVariantGroup section */
		AE8DF9E31A06012C00565EFC /* Main.storyboard */ = {
			isa = PBXVariantGroup;
			children = (
				AE8DF9E41A06012C00565EFC /* Base */,
			);
			name = Main.storyboard;
			sourceTree = "<group>";
		};
		AE8DF9E81A06012C00565EFC /* LaunchScreen.xib */ = {
			isa = PBXVariantGroup;
			children = (
				AE8DF9E91A06012C00565EFC /* Base */,
			);
			name = LaunchScreen.xib;
			sourceTree = "<group>";
		};
/* End PBXVariantGroup section */

/* Begin XCBuildConfiguration section */
		AE8DF9F71A06012C00565EFC /* Debug */ = {
			isa = XCBuildConfiguration;
			buildSettings = {
				ALWAYS_SEARCH_USER_PATHS = NO;
				CLANG_CXX_LANGUAGE_STANDARD = "gnu++0x";
				CLANG_CXX_LIBRARY = "libc++";
				CLANG_ENABLE_MODULES = YES;
				CLANG_ENABLE_OBJC_ARC = YES;
				CLANG_WARN_BOOL_CONVERSION = YES;
				CLANG_WARN_CONSTANT_CONVERSION = YES;
				CLANG_WARN_DIRECT_OBJC_ISA_USAGE = YES_ERROR;
				CLANG_WARN_EMPTY_BODY = YES;
				CLANG_WARN_ENUM_CONVERSION = YES;
				CLANG_WARN_INT_CONVERSION = YES;
				CLANG_WARN_OBJC_ROOT_CLASS = YES_ERROR;
				CLANG_WARN_UNREACHABLE_CODE = YES;
				CLANG_WARN__DUPLICATE_METHOD_MATCH = YES;
				"CODE_SIGN_IDENTITY[sdk=iphoneos*]" = "iPhone Developer";
				COPY_PHASE_STRIP = NO;
				ENABLE_STRICT_OBJC_MSGSEND = YES;
				GCC_C_LANGUAGE_STANDARD = gnu99;
				GCC_DYNAMIC_NO_PIC = NO;
				GCC_OPTIMIZATION_LEVEL = 0;
				GCC_PREPROCESSOR_DEFINITIONS = (
					"DEBUG=1",
					"$(inherited)",
				);
				GCC_SYMBOLS_PRIVATE_EXTERN = NO;
				GCC_WARN_64_TO_32_BIT_CONVERSION = YES;
				GCC_WARN_ABOUT_RETURN_TYPE = YES_ERROR;
				GCC_WARN_UNDECLARED_SELECTOR = YES;
				GCC_WARN_UNINITIALIZED_AUTOS = YES_AGGRESSIVE;
				GCC_WARN_UNUSED_FUNCTION = YES;
				GCC_WARN_UNUSED_VARIABLE = YES;
				IPHONEOS_DEPLOYMENT_TARGET = 8.1;
				MTL_ENABLE_DEBUG_INFO = YES;
				ONLY_ACTIVE_ARCH = YES;
				SDKROOT = iphoneos;
				TARGETED_DEVICE_FAMILY = "1,2";
			};
			name = Debug;
		};
		AE8DF9F81A06012C00565EFC /* Release */ = {
			isa = XCBuildConfiguration;
			buildSettings = {
				ALWAYS_SEARCH_USER_PATHS = NO;
				CLANG_CXX_LANGUAGE_STANDARD = "gnu++0x";
				CLANG_CXX_LIBRARY = "libc++";
				CLANG_ENABLE_MODULES = YES;
				CLANG_ENABLE_OBJC_ARC = YES;
				CLANG_WARN_BOOL_CONVERSION = YES;
				CLANG_WARN_CONSTANT_CONVERSION = YES;
				CLANG_WARN_DIRECT_OBJC_ISA_USAGE = YES_ERROR;
				CLANG_WARN_EMPTY_BODY = YES;
				CLANG_WARN_ENUM_CONVERSION = YES;
				CLANG_WARN_INT_CONVERSION = YES;
				CLANG_WARN_OBJC_ROOT_CLASS = YES_ERROR;
				CLANG_WARN_UNREACHABLE_CODE = YES;
				CLANG_WARN__DUPLICATE_METHOD_MATCH = YES;
				"CODE_SIGN_IDENTITY[sdk=iphoneos*]" = "iPhone Developer";
				COPY_PHASE_STRIP = YES;
				ENABLE_NS_ASSERTIONS = NO;
				ENABLE_STRICT_OBJC_MSGSEND = YES;
				GCC_C_LANGUAGE_STANDARD = gnu99;
				GCC_WARN_64_TO_32_BIT_CONVERSION = YES;
				GCC_WARN_ABOUT_RETURN_TYPE = YES_ERROR;
				GCC_WARN_UNDECLARED_SELECTOR = YES;
				GCC_WARN_UNINITIALIZED_AUTOS = YES_AGGRESSIVE;
				GCC_WARN_UNUSED_FUNCTION = YES;
				GCC_WARN_UNUSED_VARIABLE = YES;
				IPHONEOS_DEPLOYMENT_TARGET = 8.1;
				MTL_ENABLE_DEBUG_INFO = NO;
				SDKROOT = iphoneos;
				TARGETED_DEVICE_FAMILY = "1,2";
				VALIDATE_PRODUCT = YES;
			};
			name = Release;
		};
		AE8DF9FA1A06012C00565EFC /* Debug */ = {
			isa = XCBuildConfiguration;
			buildSettings = {
				ASSETCATALOG_COMPILER_APPICON_NAME = AppIcon;
				INFOPLIST_FILE = Adv1_3/Info.plist;
				LD_RUNPATH_SEARCH_PATHS = "$(inherited) @executable_path/Frameworks";
				PRODUCT_NAME = "$(TARGET_NAME)";
			};
			name = Debug;
		};
		AE8DF9FB1A06012C00565EFC /* Release */ = {
			isa = XCBuildConfiguration;
			buildSettings = {
				ASSETCATALOG_COMPILER_APPICON_NAME = AppIcon;
				INFOPLIST_FILE = Adv1_3/Info.plist;
				LD_RUNPATH_SEARCH_PATHS = "$(inherited) @executable_path/Frameworks";
				PRODUCT_NAME = "$(TARGET_NAME)";
			};
			name = Release;
		};
		AE8DF9FD1A06012C00565EFC /* Debug */ = {
			isa = XCBuildConfiguration;
			buildSettings = {
				BUNDLE_LOADER = "$(TEST_HOST)";
				FRAMEWORK_SEARCH_PATHS = (
					"$(SDKROOT)/Developer/Library/Frameworks",
					"$(inherited)",
				);
				GCC_PREPROCESSOR_DEFINITIONS = (
					"DEBUG=1",
					"$(inherited)",
				);
				INFOPLIST_FILE = Adv1_3Tests/Info.plist;
				LD_RUNPATH_SEARCH_PATHS = "$(inherited) @executable_path/Frameworks @loader_path/Frameworks";
				PRODUCT_NAME = "$(TARGET_NAME)";
				TEST_HOST = "$(BUILT_PRODUCTS_DIR)/Adv1_3.app/Adv1_3";
			};
			name = Debug;
		};
		AE8DF9FE1A06012C00565EFC /* Release */ = {
			isa = XCBuildConfiguration;
			buildSettings = {
				BUNDLE_LOADER = "$(TEST_HOST)";
				FRAMEWORK_SEARCH_PATHS = (
					"$(SDKROOT)/Developer/Library/Frameworks",
					"$(inherited)",
				);
				INFOPLIST_FILE = Adv1_3Tests/Info.plist;
				LD_RUNPATH_SEARCH_PATHS = "$(inherited) @executable_path/Frameworks @loader_path/Frameworks";
				PRODUCT_NAME = "$(TARGET_NAME)";
				TEST_HOST = "$(BUILT_PRODUCTS_DIR)/Adv1_3.app/Adv1_3";
			};
			name = Release;
		};
/* End XCBuildConfiguration section */

/* Begin XCConfigurationList section */
		AE8DF9D11A06012C00565EFC /* Build configuration list for PBXProject "Adv1_3" */ = {
			isa = XCConfigurationList;
			buildConfigurations = (
				AE8DF9F71A06012C00565EFC /* Debug */,
				AE8DF9F81A06012C00565EFC /* Release */,
			);
			defaultConfigurationIsVisible = 0;
			defaultConfigurationName = Release;
		};
		AE8DF9F91A06012C00565EFC /* Build configuration list for PBXNativeTarget "Adv1_3" */ = {
			isa = XCConfigurationList;
			buildConfigurations = (
				AE8DF9FA1A06012C00565EFC /* Debug */,
				AE8DF9FB1A06012C00565EFC /* Release */,
			);
			defaultConfigurationIsVisible = 0;
		};
		AE8DF9FC1A06012C00565EFC /* Build configuration list for PBXNativeTarget "Adv1_3Tests" */ = {
			isa = XCConfigurationList;
			buildConfigurations = (
				AE8DF9FD1A06012C00565EFC /* Debug */,
				AE8DF9FE1A06012C00565EFC /* Release */,
			);
			defaultConfigurationIsVisible = 0;
		};
/* End XCConfigurationList section */
	};
	rootObject = AE8DF9CE1A06012C00565EFC /* Project object */;
}
